{
  "name": "media-capabilities",
  "version": "0.0.1",
  "lockfileVersion": 1,
  "requires": true,
  "dependencies": {
    "systeminformation": {
      "version": "5.3.1",
      "resolved": "https://registry.npmjs.org/systeminformation/-/systeminformation-5.3.1.tgz",
      "integrity": "sha512-1xG+6xfKXSowtZsAlUp6jVaV0q+5rq9yUN+ds6Hp2dR3/EdEU5r0v74qi5YF8BCGZfmddiOwDNB0h7ge70fmYA=="
    }
  }
}
