{
  "name": "media-capabilities",
  "version": "0.0.1",
  "lockfileVersion": 1,
  "requires": true,
  "dependencies": {
    "systeminformation": {
      "version": "5.6.4",
      "resolved": "https://registry.npmjs.org/systeminformation/-/systeminformation-5.6.4.tgz",
      "integrity": "sha512-b2tvW1R+qjNEoAGgh734EGLgqbDMghjsHRaWo36skAC6JM1tw1pitcGz/REt+qSIRSXbE4PKECojhaSrBRrEmw=="
    }
  }
}
