{
  "name": "media-capabilities",
  "version": "0.0.1",
  "lockfileVersion": 1,
  "requires": true,
  "dependencies": {
    "systeminformation": {
      "version": "4.16.0",
      "resolved": "https://registry.npmjs.org/systeminformation/-/systeminformation-4.16.0.tgz",
      "integrity": "sha512-1FjxPJSw7ad0zug+1YIQATj6Cn+wM5OBASEpjohEeOD2EGPIf0Cnhthd1L2O1YX+wKgOMuPldGfxYdo8yNHEIg=="
    }
  }
}
